{
    "_meta": {
        "hash": {
            "sha256": "21fb10662530619307c989ac2fdb4f02ab96d11079930db48eb7e4e9fd0375c9"
        },
        "host-environment-markers": {
            "implementation_name": "cpython",
            "implementation_version": "3.6.4",
            "os_name": "posix",
            "platform_machine": "x86_64",
            "platform_python_implementation": "CPython",
            "platform_release": "4.14.16-300.fc27.x86_64",
            "platform_system": "Linux",
            "platform_version": "#1 SMP Wed Jan 31 19:24:27 UTC 2018",
            "python_full_version": "3.6.4",
            "python_version": "3.6",
            "sys_platform": "linux"
        },
        "pipfile-spec": 6,
        "requires": {},
        "sources": [
            {
                "name": "pypi",
                "url": "https://pypi.python.org/simple",
                "verify_ssl": true
            }
        ]
    },
    "default": {
        "awesome-slugify": {
            "hashes": [
                "sha256:bbdec3fa2187917473a2efad092b57f7125a55f841a7cf6a1773178d32ccfd71"
            ],
            "version": "==1.6.5"
        },
        "babel": {
            "hashes": [
                "sha256:ad209a68d7162c4cff4b29cdebe3dec4cef75492df501b0049a9433c96ce6f80",
                "sha256:8ce4cb6fdd4393edd323227cba3a077bceb2a6ce5201c902c65e730046f41f14"
            ],
            "version": "==2.5.3"
        },
        "certifi": {
            "hashes": [
                "sha256:14131608ad2fd56836d33a71ee60fa1c82bc9d2c8d98b7bdbc631fe1b3cd1296",
                "sha256:edbc3f203427eef571f79a7692bb160a2b0f7ccaa31953e99bd17e307cf63f7d"
            ],
            "version": "==2018.1.18"
        },
        "chardet": {
            "hashes": [
                "sha256:fc323ffcaeaed0e0a02bf4d117757b98aed530d9ed4531e3e15460124c106691",
                "sha256:84ab92ed1c4d4f16916e05906b6b75a6c0fb5db821cc65e70cbd64a3e2a5eaae"
            ],
            "version": "==3.0.4"
        },
        "click": {
            "hashes": [
                "sha256:29f99fc6125fbc931b758dc053b3114e55c77a6e4c6c3a2674a2dc986016381d",
                "sha256:f15516df478d5a56180fbf80e68f206010e6d160fc39fa508b65e035fd75130b"
            ],
            "version": "==6.7"
        },
        "csscompressor": {
            "hashes": [
                "sha256:afa22badbcf3120a4f392e4d22f9fff485c044a1feda4a950ecc5eba9dd31a05"
            ],
            "version": "==0.9.5"
        },
        "decorator": {
            "hashes": [
                "sha256:94d1d8905f5010d74bbbd86c30471255661a14187c45f8d7f3e5aa8540fdb2e5",
                "sha256:7d46dd9f3ea1cf5f06ee0e4e1277ae618cf48dfb10ada7c8427cd46c42702a0e"
            ],
            "version": "==4.2.1"
        },
        "django": {
            "hashes": [
                "sha256:ac4c797a328a5ac8777ad61bcd00da279773455cc78b4058de2a9842a0eb6ee8",
                "sha256:22383567385a9c406d8a5ce080a2694c82c6b733e157922197e8b393bb3aacd9"
            ],
            "version": "==1.11.10"
        },
        "django-appconf": {
            "hashes": [
                "sha256:ddab987d14b26731352c01ee69c090a4ebfc9141ed223bef039d79587f22acd9",
                "sha256:6a4d9aea683b4c224d97ab8ee11ad2d29a37072c0c6c509896dd9857466fb261"
            ],
            "version": "==1.0.2"
        },
        "django-bootstrap-form": {
            "hashes": [
                "sha256:2edeb528bcdd0de454575ca84be06e15130baf286b9d302eacbd893cbf691b94"
            ],
            "version": "==3.3"
        },
        "django-braces": {
            "hashes": [
                "sha256:6be8277a535565e2140f7b1eb83ec26aa8d181acc8bb046875142a2792e4babe",
                "sha256:5898ab2ce4ca7c85b21aedf789b96e90c59dc75d26db6d9a4dc0cff3fc7a7aca"
            ],
            "version": "==1.11.0"
        },
        "django-compressor": {
            "hashes": [
                "sha256:7732676cfb9d58498dfb522b036f75f3f253f72ea1345ac036434fdc418c2e57",
                "sha256:9616570e5b08e92fa9eadc7a1b1b49639cce07ef392fc27c74230ab08075b30f"
            ],
            "version": "==2.2"
        },
        "django-countries": {
            "hashes": [
                "sha256:8653c909f0b6ffda283d4c6c93c889eeb2b225fcdd10333ebacc36665a8df1d6",
                "sha256:7a56ba694dad81d2520848903ac09bc140737a494e70c689599b53f11ab03acd"
            ],
            "version": "==4.6.2"
        },
        "django-dnt": {
            "hashes": [
                "sha256:3e4d23c262c3d14bc3235f679a6ea90d47843032b2597a0437e97a283f2bb5f0",
                "sha256:38015b4904c59aa44b488b191eb191910775e242fa204976312780ebabe62d48"
            ],
            "version": "==0.2.0"
        },
        "django-extensions": {
            "hashes": [
                "sha256:34823a9ba7f9e0e5d15e44536f02bb98a75f16bb27fbeafe659cddac4a2948f5",
                "sha256:b562fd29acbf5d9b18a1c8605f1009719357b739e3a869a4bd4c7be223ace1cc"
            ],
            "version": "==1.9.1"
        },
        "django-geojson": {
            "hashes": [
                "sha256:41caed40d02229fbe87adfb5375dd0af91ccd1cd161c93e365e6cfcf0487ff30"
            ],
            "version": "==2.10.0"
        },
        "django-logentry-admin": {
            "hashes": [
                "sha256:1a114136fa190c0570e7f4bf749d89a4c22d733e64bb760a52bbd5591f5b6d0f"
            ],
            "version": "==1.0.2"
        },
        "django-phonenumber-field": {
            "hashes": [
                "sha256:8db9d2dc833678b163adabd593cda7ad1dede81a1c18f67c895701fc44dc44f1"
            ],
            "version": "==1.3.0"
        },
        "django-postman": {
            "hashes": [
                "sha256:23d3e1d61af299465f34d26de2f42bdee1e36cedd95de2fef4521df97a23fc40"
            ],
            "version": "==3.5.1"
        },
        "django-sass-processor": {
            "hashes": [
                "sha256:09a8d9db466c7011a7ca6a61af527c96e13c701eab13e36a4499e29965daa0ad"
            ],
            "version": "==0.5.5"
        },
        "django-simplemde": {
            "hashes": [
                "sha256:f89b9e9231545372471ef9a71e5d2d284c356bb7142ca599b8f0608aa9f70357"
            ],
            "version": "==0.1.0"
        },
        "django-solo": {
            "hashes": [
                "sha256:cfaef35d2d77fdc2f6c5a5fd9cbbd8cb7adfb46ee3a8d3af2f7ac73da1b5ce2b"
            ],
            "version": "==1.1.2"
        },
        "djangocodemirror": {
            "git": "https://github.com/sveetch/djangocodemirror.git",
            "ref": "a2e4920f7483cbd6fb090652ef18d5d3200a6e5d"
        },
        "geocoder": {
            "hashes": [
                "sha256:12af7380398d2d1ecf17531747882dd863dcb931cd2aefd83a53843889a39a4e",
                "sha256:b713a8d86b0559b0dd1502936ee159989a1a53bf7092b2b01ff55dd31f799d32"
            ],
            "version": "==1.23.1"
        },
        "geojson": {
            "hashes": [
                "sha256:8831556d1ac18805c4955aa881e022e6ddcef44020b315200680eec6dd209e40",
                "sha256:c8873d12421665f6731b8e4c3b2484a4516c0d9b286c26cb7cffa781d062301a"
            ],
            "version": "==2.3.0"
        },
        "idna": {
            "hashes": [
                "sha256:8c7309c718f94b3a625cb648ace320157ad16ff131ae0af362c9f21b80ef6ec4",
                "sha256:2c6a5de3089009e3da7c5dde64a141dbc8551d5b7f6cf4ed7c2568d0cc520a8f"
            ],
            "version": "==2.6"
        },
        "itsdangerous": {
            "hashes": [
                "sha256:cbb3fcf8d3e33df861709ecaf89d9e6629cff0a217bc2848f1b41cd30d360519"
            ],
            "version": "==0.24"
        },
        "libsass": {
            "hashes": [
                "sha256:d0760722506efba7226f58049cf30fe983757cf1e27d106af1af7be90a955638",
                "sha256:54bcb9a400ea05a35e50dedfa423f100f216877c58620a1f413d2d467930935a",
                "sha256:99b98f4713c7e6abc5be741a12ebf9a2e2b97523963c370be0c906c4e405284f",
                "sha256:59754484be012b920a4b7a133ed76d18abe901afac9d1834270a7595ccef50b6",
                "sha256:14f478fddfdc8e0162d3c960b8e541b223ed0e591a505bd6a682dc9d63fec731",
                "sha256:3d3705493d41c72bfca7017462bd8e5cec28412db849d0d961e85b6842da8ca1",
                "sha256:36b48491b32cb07b44d4052bcd893b48deb0eeb16360feae3b8a96607db9178d",
                "sha256:dcab89045041f74bcc2b164e0dce7e6727eaf45857bb341892154cbbd122a238",
                "sha256:e1c72399f1df24b70697ca7de73e1b54a7617f1bf1162cc6c7ae1f6eb78ec387",
                "sha256:d1f57c7384f5beb849c7e6c0553fbfab1f7f50c65c5e2fc95d6c867854241832",
                "sha256:4c61c807aa55b3cc47c70cf654fe1c605d2836df0af82b94075aa00f0be04885",
                "sha256:0c6b237f12649f9f99d09ccebb8f6c1f0181cccfbf4efede84c69625df0b7102",
                "sha256:d3b16bb2d509069180665c7b7ef2408c531c26153ed5d01566a862961bc14771"
            ],
            "version": "==0.13.7"
        },
        "markdown2": {
            "hashes": [
                "sha256:264731e7625402227ff6fb01f2d814882da7705432659a18a419c508e8bfccb1"
            ],
            "version": "==2.3.4"
        },
        "olefile": {
            "hashes": [
                "sha256:2b6575f5290de8ab1086f8c5490591f7e0885af682c7c1793bdaf6e64078d385"
            ],
            "version": "==0.45.1"
        },
        "parse-accept-language": {
            "hashes": [
                "sha256:6708254304b09f1ea659a256ebd575f0f39310743d13b2c9b4a51e41a5047a49",
                "sha256:32e23196bde766ba08c20d0cae47c2daf46c259806b15238efebe8dd3867118f"
            ],
            "version": "==0.1.2"
        },
        "phonenumberslite": {
            "hashes": [
                "sha256:905cc55de011e8e5700c23d441587a74b7b82509a6e55a299a1b0d908b935661",
                "sha256:b8fb399d60ab33b1a5155dc6e94d8df802bd3535cc108505b02667091c21091f"
            ],
            "version": "==8.8.10"
        },
        "pillow": {
            "hashes": [
                "sha256:c7ba8b42923c1b5e72fe3b0aa792de8ffc13c5a3d4df8e88f06959d0835fea8e",
                "sha256:e07f388cf345b002853eabb720c234b281119cf4c2677d7e0b9ec4d8f9a18fbd",
                "sha256:3f265e43a0a93d2273138b5b2290d09927c253c49a166888ac15eda1a166e38a",
                "sha256:6d3e1f98dfcba332000441f465ec585e7c834aa648e4a83f73ec1b807083a756",
                "sha256:24e8bef1269598ef8f1f418575b12a15bb1a019ea177ad9445b197b8f209a7c8",
                "sha256:b818331ade410c660f754b489fd1bc5ff03b65d211746d1fa8537d60349eee75",
                "sha256:19d1cc97bad8ace5d601f0a52680d9f9228b5a326ac4f710da931179681f2099",
                "sha256:471f9e5b18277aa305c7024064ef0c9064bf8b819d46caac83bfae034ca90c03",
                "sha256:c9441bcd6c6830f48d949bf0367ba2ee97b9f152a152378c5b4aa4183884c205",
                "sha256:20a3c42e67af2d7cebf4c71b27efe30dd4621e135e9457abc80d0117631883d3",
                "sha256:5bf88e8144a9ad520a452a34adbf4dd92cbbcb9899c2e4f4b387957966291f21",
                "sha256:4be38c9ad2915e72579140d4fa3b79cccde29e8abe61ec2f8075d7a4f36b38df",
                "sha256:b8f8f50e2f1d85adec833607fed1f210962068e7807c62f266f3e53a0d81ac87",
                "sha256:8fd9376fcce33902851642d013101a7e2f7b5d3e05bd98b960b62f1be72d7a65",
                "sha256:bec34b7a66edc4ff92e5aed912cb4ebad6fe14e8a579f19ddcd8b352d76360a1",
                "sha256:7835c575bf744b2a6e5d48c480a37662b0ca247e9e54b217f6815fe57d6c5f9d",
                "sha256:a810b66a14500e203da8299b0e93c157b283a8baf81a9a631487d1b6890fb09f",
                "sha256:4757ad2eee627dca861289291512e66292ce535c2bc79210321c440381cf0901",
                "sha256:fd2648a3bfd95a2a06625c03852523bb6eec6b9fde6a647b989c73719a099cc4",
                "sha256:26861f6549e6d2133ca2d2db58e16459d8ac83e71616722e07ab267f7c010c15",
                "sha256:1abe01535e3afab9360a81e7cd2ed33379a60a96c944b153a82235b7cef71fdb",
                "sha256:f3b444e683f269b9ca64c0c313ed140b3c3ff65280597b788815227423e0abfd",
                "sha256:caad21c655bf4627bcd4db8e48c6a965ea428339ab43ac3e41af9fbc58e8bde7",
                "sha256:a1ba195e4f07e94c1c44cd651070b2b7d8328ef1bdccbee15549e684016df337",
                "sha256:3c7274c0f2468c30c1698e1ccd19d7a6df32a4aa98fddf5b886c8e870c4b82fb",
                "sha256:8197f06f2741310820d7a05add26418aee8e8f353bf6665a12ba9ad89a965a1d",
                "sha256:1cd69367c8f758692d619145bdafbdce5d9076e997d0280c1cc5093159406036",
                "sha256:a46df9776718170694dc20afc001baf6284506db8d150f54c089fabe82933b24",
                "sha256:795d41c6b6920907650ae1936e1e0b305ad5f4088deb9c3e9079d59fe60dbf4b",
                "sha256:c5fea3cf941e930df70b7e2fed65a411b80b674e1c71b8ae1ce84aba45e18d71",
                "sha256:8218acb51e20ac2cbdc1358be48cbab72e36ebd47f2ba7367542296ef13470ea",
                "sha256:a0d7888a64a9ab8c88410d2c235fb4685564dd07ec81a4b80b380d645f124f4d",
                "sha256:5e46edde8f40c64ff497dd8cca959f38007e85acd5158252d68c8a0798fc2776",
                "sha256:d24423abff2c32f68e53371bbab2e3f1c7383138b04bfdae2291dfbbe7aeddf4",
                "sha256:2136371b355be76e9d0360b1d16d87d303bcaa59b5107ee061cdc8f71b7c8e0f",
                "sha256:5b90cb8261a869353256f027daf8a5615e9e441980399808a25b7236a9c57098",
                "sha256:c724f65870e545316f9e82e4c6d608ab5aa9dd82d5185e5b2e72119378740073",
                "sha256:902d826f1f78f9d556c85bdfb776758eeabd28c9cf7a23dffd02a66678bd48d1",
                "sha256:c70b629025dc753b59c11b5f14d5522ef94dddd31a8fb03c449e8adfabdf482d",
                "sha256:d95e55d237a7dfe422ac47e1b384eec2b306d06adb0f19486c08d760e5a6eb63",
                "sha256:fdc3bebc9d02632dadfdffabb442518e6f56df9fbb7b12eb7192e45982ee5531",
                "sha256:460702ebd8b025d949520c346e7a42cc830a453af30bbb7f50273e42c88615f0",
                "sha256:d6ee5856903740f3f6878f7d9df3717a539cb2687e9205d7005399250f5de14f",
                "sha256:a168145bb95d3cedf7831eab05aa9ae2756a2ce900c281d281f76e64358caa09",
                "sha256:fcb44ce29eaa1ea4c98d9b8e50544b521b794be1b746d6a457a26a07dfb01ef2",
                "sha256:7ff60c2ca880715fa9b36315932d9ff5838d05ebf2ea2b06c48a09c33be94684",
                "sha256:99162bcec9d7d133da161d03b3423490418babf72be5dccd752852f409d00804"
            ],
            "version": "==4.2.1"
        },
        "psycopg2": {
            "hashes": [
                "sha256:3ab693b907b2c7a34c1dca198cfc454516cfd75440fd913bb372da6f70d6db55",
                "sha256:3c99c88216e0fc62113a1177aae9db18a533274370e99a4537b433b87b319360",
                "sha256:df70e0a387b0145a7a80de67d43d84e1c5a24a33bbfaedb96271876d573e5fb6",
                "sha256:8d2003d23d8fc59f0f0a2e73c13baa41581006b8227a9d82bbdc1aa233285ba4",
                "sha256:face605eea5826fa36600c04447b61674992bbd5eb177f66f86f61a04436dbd9",
                "sha256:ebee4f59803eda1ed4035649469a713818dbf5b6de2e12396edd9fa228727c20",
                "sha256:4d7c872d9c85745964cf8efabba3fb1a6010b345c18d0e2b620509f0444aa729",
                "sha256:99a298b9030f8fd36f885c5d0661e4d5a059136a541bb6c4d7d1100e38da3cd1",
                "sha256:b7646f7bdb42ba3cf7ef9f500f6514b5e413d25c5b3093d70e6ba52df417a83c",
                "sha256:39369e40bc3e062da5da93ce5f1e7f9bed95e9a60cb6f003d316f2a834722e2d",
                "sha256:c939b238cbc18e786909d20277c9f051241696ebb03ca9e3490094f526ce69a7",
                "sha256:9a0a74a6f20d82c389095c88d4d281e66eb3ffbc09adf543dcec4bec22436569",
                "sha256:16482d050db68503abbb693795d75e9fca287a00f662376759825404533ca87c",
                "sha256:f74e50341f45fb9bcd3598c11b5774c3e4349ee38cf15c342cc7075c73ef1f95",
                "sha256:e80a1ae04218e854a5d71085f9498c8c979033ca855cedeed3afc5d976c348ce",
                "sha256:f07791ee5793621bfaaa844f731529cd72321280f94e8dc3bd4ef524d20f58f2",
                "sha256:0bd0b1cf81eb6d74a77199570d5ce097fb3c6b8e57acc1edd328cef5c552f98a",
                "sha256:4db0de7d6236acbf7d020926489b6c4b98e845ba98df11057f22d54866e26b20",
                "sha256:604c49bf196c654c417ade1dc765bd23fe9bc3392d9a8c7184a7077142d621b3",
                "sha256:6194e81d8839b636118f5275c53be3c70eb3c3abcf836de675c34b20c06025ea",
                "sha256:e26aca5eb272869fdf8e55111f36026517c1c0799eb7ef1ddf67d4412affe1ef",
                "sha256:35d1fec112337c2607c8ca17dee3c2f8455e07dd69d140ff8e86ef1240dace3d",
                "sha256:891a70235c202158780fc0ab98d7ca2a7ed1625c26725b15119d47b2d852a5c6",
                "sha256:4cca242df228364b4de6241c54553301856bc253d7f21e15009b11c812eb7b5c",
                "sha256:3fbba0dd7f3ac458f355dcfc4d7d9cd082c19748e453bcd81bf9d8bc14260c01",
                "sha256:04a5b2805c620ddecdff33e015631cc8d7ea8dd01e1fcc930bfe002fdc26b9e0",
                "sha256:4fbe2c29f6d4c8d9eac5fc3c42c42036e7cc58e225036130b7713afa72489aac",
                "sha256:471e3140e1cb241ecb53602cdc98fe305b82c854cfa53c3e343d642683dc96c7",
                "sha256:279dbf220c94c9f73aefac719ea3b9550ca791389bc9184c15e835516bc8428d",
                "sha256:a4d7134058e8869d785c0be386cd702fe2a4be14b678d7571a51045e1bbad862",
                "sha256:9b7b16e26448b43cf167f785d8b5345007731ebf153a510e12dae826800caa65"
            ],
            "version": "==2.7.3.1"
        },
        "python-http-client": {
            "hashes": [
                "sha256:f866df885580617f2f86553bc2ce454468df951d288ca99d52c542ae424dda18",
                "sha256:3f25f2431c61dfbe494470d671672b2c6c86a9bcd24c340259e86813fe3dd5ac"
            ],
            "version": "==1.2.3"
        },
        "pytz": {
            "hashes": [
                "sha256:80af0f3008046b9975242012a985f04c5df1f01eed4ec1633d56cc47a75a6a48",
                "sha256:feb2365914948b8620347784b6b6da356f31c9d03560259070b2f30cff3d469d",
                "sha256:59707844a9825589878236ff2f4e0dc9958511b7ffaae94dc615da07d4a68d33",
                "sha256:d0ef5ef55ed3d37854320d4926b04a4cb42a2e88f71da9ddfdacfde8e364f027",
                "sha256:c41c62827ce9cafacd6f2f7018e4f83a6f1986e87bfd000b8cfbd4ab5da95f1a",
                "sha256:8cc90340159b5d7ced6f2ba77694d946fc975b09f1a51d93f3ce3bb399396f94",
                "sha256:dd2e4ca6ce3785c8dd342d1853dd9052b19290d5bf66060846e5dc6b8d6667f7",
                "sha256:699d18a2a56f19ee5698ab1123bbcc1d269d061996aeb1eda6d89248d3542b82",
                "sha256:fae4cffc040921b8a2d60c6cf0b5d662c1190fe54d718271db4eb17d44a185b7"
            ],
            "version": "==2017.3"
        },
        "pyuca": {
            "hashes": [
                "sha256:abaa12e1bd2c7c68ca8396ff8383bc0654a739cef3ae68fd7af58bf29af0a91e",
                "sha256:8a382fe74627f08c0d18908c0713ca4a20aad5385f077579e56208beea2893b2"
            ],
            "version": "==1.2"
        },
        "ratelim": {
            "hashes": [
                "sha256:e1a7dd39e6b552b7cc7f52169cd66cdb826a1a30198e355d7016012987c9ad08",
                "sha256:826d32177e11f9a12831901c9fda6679fd5bbea3605910820167088f5acbb11d"
            ],
            "version": "==0.1.6"
        },
        "rcssmin": {
            "hashes": [
                "sha256:ca87b695d3d7864157773a61263e5abb96006e9ff0e021eff90cbe0e1ba18270"
            ],
            "version": "==1.0.6"
        },
        "regex": {
            "hashes": [
                "sha256:41f6551c1efd1944366e34067267f1ac08acd91fb34f58694e170a2d51dc27c6",
                "sha256:86f901002c7b173a4df643de5bca33472ec88ce91fc28ff3d84b1988c0327c32",
                "sha256:9de61bc26bd4720ea7061177a9a19f199d9d954a7f780982131034b41d671497",
                "sha256:b09cfdf8ccdeb8efb52fc6fe1e1cf079b9d27f09bcfe019b291b1302bc3e7470",
                "sha256:307790b616ad63eec9f47600e993d86d64394a7dfaeec74c8e90c2c697a0c68e",
                "sha256:bc729e1d586d0e59dbdbba7537d8a2646ea8d7e275bdbb508d1aca64695b92a9",
                "sha256:1deda6b50c5ac5417fa8b161f4f118186297ed2fb21946690998bc1582b26e3a",
                "sha256:5ad7ef6896d6b12db47c312c2b91d2b4125f608fee0a90f1b1ae35cae6f13c9f",
                "sha256:0a3e5ff16398b9ca57fa49144ac6b89ab6b20ec65147e76048c0283f5975d942",
                "sha256:01a53b4ba925c4397fa76ab546a77ab29d48be6f60b798cbd3ff3acae56185af",
                "sha256:fa62d5a67788cd320228b3d266a00ad3c7a877cf501441944f92b2e575de3845",
                "sha256:b8ec2838d2f21362549e70eb42f7ef25248fe73273564388db54cac68bae46a0",
                "sha256:6c18851e2da07807e69924026229f32140a2130fb35fe3d9a09760b0449da77f",
                "sha256:f5fa8f1eb6e6b6323db3b249a9fef4b4dca3a3260b6f1a39dee629baa4a8004a",
                "sha256:c5162e1ca552e50aac5101bbc97fc37562c69f939f21a13745d146ca7e748aa1"
            ],
            "version": "==2018.2.3"
        },
        "requests": {
            "hashes": [
                "sha256:6a1b267aa90cac58ac3a765d067950e7dbbf75b1da07e895d1f594193a40a38b",
                "sha256:9c443e7324ba5b85070c4a818ade28bfabedf16ea10206da1132edaa6dda237e"
            ],
            "version": "==2.18.4"
        },
        "rjsmin": {
            "hashes": [
                "sha256:dd9591aa73500b08b7db24367f8d32c6470021f39d5ab4e50c7c02e4401386f1"
            ],
            "version": "==1.0.12"
        },
        "sendgrid": {
            "hashes": [
                "sha256:3346d44c74637f9e911246bda8685b379d6658a656a7ec75d6a28ec327b81769",
                "sha256:4d6ebcc532b2b8f2354b96ab52465b718dd8cde23914197bcb002320ea230fba"
            ],
            "version": "==2.2.1"
        },
        "sendgrid-django": {
            "hashes": [
                "sha256:cbd495a5d5a6a9bf39f798a40608b4fe3f488ae43df39f9077704ec3013acbac"
            ],
            "version": "==2.0.0"
        },
        "six": {
            "hashes": [
                "sha256:832dc0e10feb1aa2c68dcc57dbb658f1c7e65b9b61af69048abc87a2db00a0eb",
                "sha256:70e8a77beed4562e7f14fe23a786b54f6296e34344c23bc42f07b15018ff98e9"
            ],
            "version": "==1.11.0"
        },
        "smtpapi": {
            "hashes": [
                "sha256:dcc6f1c3960ff7bb7e8b9dfb0126c9b5456db9d81c44805659ea58dabd600c37"
            ],
            "version": "==0.3.1"
        },
        "unidecode": {
            "hashes": [
                "sha256:61f807220eda0203a774a09f84b4304a3f93b5944110cc132af29ddb81366883",
                "sha256:280a6ab88e1f2eb5af79edff450021a0d3f0448952847cd79677e55e58bad051"
            ],
            "version": "==0.4.21"
        },
        "urllib3": {
            "hashes": [
                "sha256:06330f386d6e4b195fbfc736b297f58c5a892e4440e54d294d7004e3a9bbea1b",
                "sha256:cc44da8e1145637334317feebd728bd869a35285b93cbb4cca2577da7e62db4f"
            ],
            "version": "==1.22"
        }
    },
    "develop": {
        "asn1crypto": {
            "hashes": [
                "sha256:2f1adbb7546ed199e3c90ef23ec95c5cf3585bac7d11fb7eb562a3fe89c64e87",
                "sha256:9d5c20441baf0cb60a4ac34cc447c6c189024b6b4c6cd7877034f4965c464e49"
            ],
            "version": "==0.24.0"
        },
        "bcrypt": {
            "hashes": [
                "sha256:f9210820ee4818d84658ed7df16a7f30c9fba7d8b139959950acef91745cc0f7",
                "sha256:b1e8491c6740f21b37cca77bc64677696a3fb9f32360794d57fa8477b7329eda",
                "sha256:9eced8962ce3b7124fe20fd358cf8c7470706437fa064b9874f849ad4c5866fc",
                "sha256:346d6f84ff0b493dbc90c6b77136df83e81f903f0b95525ee80e5e6d5e4eef84",
                "sha256:0f317e4ffbdd15c3c0f8ab5fbd86aa9aabc7bea18b5cc5951b456fe39e9f738c",
                "sha256:f7fd3ed3745fe6e81e28dc3b3d76cce31525a91f32a387e1febd6b982caf8cdb",
                "sha256:3b4c23300c4eded8895442c003ae9b14328ae69309ac5867e7530de8bdd7875d",
                "sha256:34dd60b90b0f6de94a89e71fcd19913a30e83091c8468d0923a93a0cccbfbbff",
                "sha256:2788c32673a2ad0062bea850ab73cffc0dba874db10d7a3682b6f2f280553f20",
                "sha256:6efd9ca20aefbaf2e7e6817a2c6ed4a50ff6900fafdea1bcb1d0e9471743b144",
                "sha256:f2fe545d27a619a552396533cddf70d83cecd880a611cdfdbb87ca6aec52f66b",
                "sha256:e22f0997622e1ceec834fd25947dc2ee2962c2133ea693d61805bc867abaf7ea",
                "sha256:c906bdb482162e9ef48eea9f8c0d967acceb5c84f2d25574c7d2a58d04861df1",
                "sha256:43d1960e7db14042319c46925892d5fa99b08ff21d57482e6f5328a1aca03588",
                "sha256:321d4d48be25b8d77594d8324c0585c80ae91ac214f62db9098734e5e7fb280f",
                "sha256:ae35dbcb6b011af6c840893b32399252d81ff57d52c13e12422e16b5fea1d0fb",
                "sha256:09a3b8c258b815eadb611bad04ca15ec77d86aa9ce56070e1af0d5932f17642a",
                "sha256:988cac675e25133d01a78f2286189c1f01974470817a33eaf4cfee573cfb72a5",
                "sha256:cb18ffdc861dbb244f14be32c47ab69604d0aca415bee53485fcea4f8e93d5ef",
                "sha256:8629ea6a8a59f865add1d6a87464c3c676e60101b8d16ef404d0a031424a8491",
                "sha256:a005ed6163490988711ff732386b08effcbf8df62ae93dd1e5bda0714fad8afb",
                "sha256:d86da365dda59010ba0d1ac45aa78390f56bf7f992e65f70b3b081d5e5257b09",
                "sha256:8569844a5d8e1fdde4d7712a05ab2e6061343ac34af6e7e3d7935b2bd1907bfd",
                "sha256:0872eeecdf9a429c1420158500eedb323a132bc5bf3339475151c52414729e70",
                "sha256:01477981abf74e306e8ee31629a940a5e9138de000c6b0898f7f850461c4a0a5",
                "sha256:49e96267cd9be55a349fd74f9852eb9ae2c427cd7f6455d0f1765d7332292832",
                "sha256:9a6fedda73aba1568962f7543a1f586051c54febbc74e87769bad6a4b8587c39",
                "sha256:054d6e0acaea429e6da3613fcd12d05ee29a531794d96f6ab959f29a39f33391",
                "sha256:67ed1a374c9155ec0840214ce804616de49c3df9c5bc66740687c1c9b1cd9e8d"
            ],
            "version": "==3.1.4"
        },
        "blessings": {
            "hashes": [
                "sha256:26dbaf2f89c3e6dee11c10f7c0b85756ed75cf602b1bb7935b4efd8ed67a000f",
                "sha256:466e43ff45723b272311de0437649df464b33b4daba7a54c69493212958e19c7",
                "sha256:74919575885552e14bc24a68f8b539690bd1b5629180faa830b1a25b8c7fb6ea"
            ],
            "version": "==1.6.1"
        },
        "bpython": {
            "hashes": [
                "sha256:e0e22c7f857967183f40ef08207dc54dd33492cbfdd962fa8a0a8d24eecac5b6",
                "sha256:342d8577e0a8d75b657e5cc2075cdceeb852e2e5ee04a59c5ea7418980806ad5"
            ],
            "version": "==0.17"
        },
        "certifi": {
            "hashes": [
                "sha256:14131608ad2fd56836d33a71ee60fa1c82bc9d2c8d98b7bdbc631fe1b3cd1296",
                "sha256:edbc3f203427eef571f79a7692bb160a2b0f7ccaa31953e99bd17e307cf63f7d"
            ],
            "version": "==2018.1.18"
        },
        "cffi": {
            "hashes": [
                "sha256:5d0d7023b72794ea847725680e2156d1d01bc698a9007fccce46d03c904fe093",
                "sha256:86903c0afab4a3390170aca61f753f5adad8ffff947030719ee44dedc5b68403",
                "sha256:7d35678a54da0d3f1bc30e3a58a232043753d57c691875b5a75e4e062793bc9a",
                "sha256:824cac33906be5c8e976f0d950924d88ec058989ef9cd2f77f5cd53cec417635",
                "sha256:6ca52651f6bd4b8647cb7dee15c82619de3e13490f8e0bc0620830a2245b51d1",
                "sha256:a183959a4b1e01d6172aeed356e2523ec8682596075aa6cf0003fe08da959a49",
                "sha256:9532c5bc0108bd0fe43c0eb3faa2ef98a2db60fc0d4019f106b88d46803dd663",
                "sha256:96652215ef328262b5f1d5647632bd342ac6b31dfbc495b21f1ab27cb06d621d",
                "sha256:6c99d19225e3135f6190a3bfce2a614cae8eaa5dcaf9e0705d4ccb79a3959a3f",
                "sha256:12cbf4c04c1ad07124bfc9e928c01e282feac9ec7dd72a18042d4fc56456289a",
                "sha256:69c37089ccf10692361c8d14dbf4138b00b46741ffe9628755054499f06ed548",
                "sha256:b8d1454ef627098dc76ccfd6211a08065e6f84efe3754d8d112049fec3768e71",
                "sha256:cd13f347235410c592f6e36395ee1c136a64b66534f10173bfa4df1dc88f47d0",
                "sha256:0640f12f04f257c4467075a804a4920a5d07ef91e11c525fc65d715c08231c81",
                "sha256:89a8d05b96bdeca8fdc89c5fa9469a357d30f6c066262e92c0c8d2e4d3c53cae",
                "sha256:a67c430a9bde73ae85b0c885fcf41b556760e42ea74c16dc70431a349989b448",
                "sha256:7a831170b621e98f45ed1d5758325be19619a593924127a0a47af9a72a117319",
                "sha256:796d0379102e6da5215acfcd20e8e69cca9d97309215b4ce088fe175b1c2f586",
                "sha256:0fe3b3d571543a4065059d1d3d6d39f4ca6da0f2207ad13547094522e32ead46",
                "sha256:678135090c311780382b1dd3f828f715583ea8a69687ed053c047d3cec6625d6",
                "sha256:f4992cd7b4c867f453d44c213ee29e8fd484cf81cfece4b6e836d0982b6fa1cf",
                "sha256:6d191fb20138fe1948727b20e7b96582b7b7e676135eabf72d910e10bf7bfa65",
                "sha256:ec208ca16e57904dd7f4c7568665f80b1f7eb7e3214be014560c28def219060d",
                "sha256:b3653644d6411bf4bd64c1f2ca3cb1b093f98c68439ade5cef328609bbfabf8c",
                "sha256:f4719d0bafc5f0a67b2ec432086d40f653840698d41fa6e9afa679403dea9d78",
                "sha256:87f837459c3c78d75cb4f5aadf08a7104db15e8c7618a5c732e60f252279c7a6",
                "sha256:df9083a992b17a28cd4251a3f5c879e0198bb26c9e808c4647e0a18739f1d11d"
            ],
            "version": "==1.11.4"
        },
        "chardet": {
            "hashes": [
                "sha256:fc323ffcaeaed0e0a02bf4d117757b98aed530d9ed4531e3e15460124c106691",
                "sha256:84ab92ed1c4d4f16916e05906b6b75a6c0fb5db821cc65e70cbd64a3e2a5eaae"
            ],
            "version": "==3.0.4"
        },
        "codecov": {
            "hashes": [
                "sha256:ae00d68e18d8a20e9c3288ba3875ae03db3a8e892115bf9b83ef20507732bed4",
                "sha256:8ed8b7c6791010d359baed66f84f061bba5bd41174bf324c31311e8737602788"
            ],
            "version": "==2.0.15"
        },
        "coverage": {
            "hashes": [
                "sha256:464d85d6959497cc4adfa9f0d36fca809e2ca7ec5f4625f548317892cac6ed7c",
                "sha256:e958ab5b6a7f3b88289a25c95d031f2b62bc73219141c09d261fd97f244c124c",
                "sha256:67288f8834a0a64c1af66286b22fd325b5524ceaa153a51c3e2e30f7e8b3f826",
                "sha256:cfb6b7035c6605e2a87abe7d84ea35a107e6c432014a3f1ca243ab57a558fbcd",
                "sha256:c86a12b3dc004bcbe97a3849354bd1f93eb6fb69b0e4eb58831fd7adba7740ec",
                "sha256:8ddcf308f894d01a1a0ae01283d19b613751815b7190113266a0b7f9d076e86d",
                "sha256:adab01e4c63a01bdf036f57f0114497994aa2195d8659d12a3d69673c3f27939",
                "sha256:54d73fe68a7ac9c847af69a234a7461bbaf3cad95f258317d4584d14dd53f679",
                "sha256:a0d98c71d026c1757c7393a99d24c6e42091ff41e20e68238b17e145252c2d0a",
                "sha256:464e0eda175c7fe2dc730d9d02acde5b8a8518d9417413dee6ca187d1f65ef89",
                "sha256:2890cb40464686c0c1dccc1223664bbc34d85af053bc5dbcd71ea13959e264f2",
                "sha256:0f2315c793b1360f80a9119fff76efb7b4e5ab5062651dff515e681719f29689",
                "sha256:85c028e959312285225040cdac5ad3db6189e958a234f09ae6b4ba5f539c842d",
                "sha256:da6585339fc8a25086003a2b2c0167438b8ab0cd0ccae468d22ed603e414bba1",
                "sha256:e837865a7b20c01a8a2f904c05fba36e8406b146649ff9174cbddf32e217b777",
                "sha256:b718efb33097c7651a60a03b4b38b14776f92194bc0e9e598ce05ddaef7c70e7",
                "sha256:7413f078fbba267de44814584593a729f88fc37f2d938263844b7f4daf1e36ec",
                "sha256:47ad00a0c025f87a7528cc13d013c54e4691ae8730430e49ec9c7ace7e0e1fba",
                "sha256:95f9f5072afeb2204401401cbd0ab978a9f86ef1ebc5cd267ba431cfa581cc4d",
                "sha256:ca8827a5dad1176a8da6bf5396fd07e66549d1bc842047b76cdf69e196597a80",
                "sha256:c68164c4f49cfc2e66ca1ded62e4a1092a6bd4b2c65222059b867700ad19151c",
                "sha256:61e0bcf15aa0385e15d1fe4a86022a6b813d08c785855e3fab56ba6d7ac3dd21",
                "sha256:981a64063242a2c6c88dda33ccafe3583026847961fe56636b6a00c47674e258",
                "sha256:21e47d2ff9c75e25880dd12b316db11379e9afc98b39e9516149d189c15c564b",
                "sha256:f6b822c68f68f48d480d23fcfcd1d4df7d42ff03cf5d7b574d09e662c0b95b43",
                "sha256:53fa7aa7643a22eeadcf8b781b97a51f37d43ba1d897a05238aa7e4d11bc0667",
                "sha256:95ce1a70323d47c0f6b8d6cfd3c14c38cb30d51fd1ab4f6414734fa33a78b17e",
                "sha256:b7a06a523dfeaf417da630d46ad4f4e11ca1bae6202c9312c4cb987dde5792fc",
                "sha256:585e8db44b8f3af2a4152b00dd8a7a36bc1d2aba7de5e50fc17a54178428f0d6",
                "sha256:102933e14b726bd4fdfafb541e122ad36c150732aee36db409d8c8766e11537e",
                "sha256:15f92238487d93f7f34a3ba03be3bd4615c69cffc88388b4dd1ea99af74fc1bf",
                "sha256:319190dd7fa08c23332215782b563a9ef12b76fb15e4a325915592b825eca9ed",
                "sha256:af14e9628c0a3152b6a1fbba4471e6a3e5f5567ecae614f84b84ff3441c58692",
                "sha256:72bc3f91a25a87fd87eb57983c8cefbb8aa5bacd50d73516ade398271d652d77",
                "sha256:c3905f10786dcf386f3f6cebe0ae4a36f47e5e256471161fb944ca537e97e928",
                "sha256:3344079d73a4849341aaaecd9b391141824b8c9a96732fbd6ef95ba9566895d3"
            ],
            "version": "==4.5"
        },
        "cryptography": {
            "hashes": [
                "sha256:69285f5615507b6625f89ea1048addd1d9218585fb886eb90bdebb1d2b2d26f5",
                "sha256:6cb1224da391fa90f1be524eafb375b62baf8d3df9690b32e8cc475ccfccee5e",
                "sha256:4f385ee7d39ee1ed74f1d6b1da03d0734ea82855a7b28a9e6e88c4091bc58664",
                "sha256:a5f2c681fd040ed648513939a1dd2242af19bd5e9e79e53b6dcfa33bdae61217",
                "sha256:fc2208d95d9ecc8032f5e38330d5ace2e3b0b998e42b08c30c35b2ab3a4a3bc8",
                "sha256:0d39a93cf25edeae1f796bbc5960e587f34513a852564f6345ea4491a86c5997",
                "sha256:41f94194ae78f83fd94ca94fb8ad65f92210a76a2421169ffa5c33c3ec7605f4",
                "sha256:7a2409f1564c84bcf2563d379c9b6148c5bc6b0ae46e109f6a7b4bebadf551df",
                "sha256:55555d784cfdf9033e81f044c0df04babed2aa141213765d960d233b0139e353",
                "sha256:9a47a80f65f4feaaf8415a40c339806c7d7d867152ddccc6ca87f707c8b7b565",
                "sha256:6fb22f63e17813f3d1d8e30dd1e249e2c34233ba1d3de977fd31cb5db764c7d0",
                "sha256:ee245f185fae723133511e2450be08a66c2eebb53ad27c0c19b228029f4748a5",
                "sha256:9a2945efcff84830c8e237ab037d0269380d75d400a89cc9e5628e52647e21be",
                "sha256:2cfcee8829c5dec55597826d52c26bc26e7ce39adb4771584459d0636b0b7108",
                "sha256:33b564196dcd563e309a0b07444e31611368afe3a3822160c046f5e4c3b5cdd7",
                "sha256:18d0b0fc21f39b35ea469a82584f55eeecec1f65a92d85af712c425bdef627b3",
                "sha256:d18df9cf3f3212df28d445ea82ce702c4d7a35817ef7a38ee38879ffa8f7e857",
                "sha256:b984523d28737e373c7c35c8b6db6001537609d47534892de189bebebaa42a47",
                "sha256:27a208b9600166976182351174948e128818e7fc95cbdba18143f3106a211546",
                "sha256:28e4e9a97713aa47b5ef9c5003def2eb58aec89781ef3ef82b1c2916a8b0639b",
                "sha256:a3c180d12ffb1d8ee5b33a514a5bcb2a9cc06cc89aa74038015591170c82f55d",
                "sha256:8487524a1212223ca6dc7e2c8913024618f7ff29855c98869088e3818d5f6733",
                "sha256:e4d967371c5b6b2e67855066471d844c5d52d210c36c28d49a8507b96e2c5291"
            ],
            "version": "==2.1.4"
        },
        "curtsies": {
            "hashes": [
                "sha256:8af7b0df83270a8d53c972b3436b7ac7813ffca27e6301c53b788372e3d862c2",
                "sha256:ec4639df654357944c201abd0d791d9dfd3ac27ce4f90ba1c2991aaf07af92ee"
            ],
            "version": "==0.2.11"
        },
        "django": {
            "hashes": [
                "sha256:7c8ff92285406fb349e765e9ade685eec7271d6f5c3f918e495a74768b765c99",
                "sha256:dc3b61d054f1bced64628c62025d480f655303aea9f408e5996c339a543b45f0"
            ],
            "version": "==2.0.2"
        },
        "django-debug-toolbar": {
            "hashes": [
                "sha256:4af2a4e1e932dadbda197b18585962d4fc20172b4e5a479490bc659fe998864d",
                "sha256:d9ea75659f76d8f1e3eb8f390b47fc5bad0908d949c34a8a3c4c87978eb40a0f"
            ],
            "version": "==1.9.1"
        },
        "fabric3": {
            "hashes": [
                "sha256:7c61df6bd6ed2817c1be1246a01bca4db6b19cd3e831dd046b9463ce8ba3ae87",
                "sha256:8097dbd078c11273fdaf52d54ce8e11754fa8160be7c407ae866b5e78d76b47c"
            ],
            "version": "==1.13.1.post1"
        },
        "flake8": {
            "hashes": [
                "sha256:c7841163e2b576d435799169b78703ad6ac1bbb0f199994fc05f700b2a90ea37",
                "sha256:7253265f7abd8b313e3892944044a365e3f4ac3fcdcfb4298f55ee9ddf188ba0"
            ],
            "version": "==3.5.0"
        },
        "flake8-per-file-ignores": {
            "hashes": [
                "sha256:2e60bb223aaa07030f728d8f4b3925192eec00997e93626e12f2c5a1838cd229",
                "sha256:8443a4279b363092eb0b9be632d0b31186a52f07d21d845a67ba92a3d15ede8d"
            ],
            "version": "==0.4"
        },
        "greenlet": {
            "hashes": [
                "sha256:50643fd6d54fd919f9a0a577c5f7b71f5d21f0959ab48767bd4bb73ae0839500",
                "sha256:c7b04a6dc74087b1598de8d713198de4718fa30ec6cbb84959b26426c198e041",
                "sha256:b6ef0cabaf5a6ecb5ac122e689d25ba12433a90c7b067b12e5f28bdb7fb78254",
                "sha256:fcfadaf4bf68a27e5dc2f42cbb2f4b4ceea9f05d1d0b8f7787e640bed2801634",
                "sha256:b417bb7ff680d43e7bd7a13e2e08956fa6acb11fd432f74c97b7664f8bdb6ec1",
                "sha256:769b740aeebd584cd59232be84fdcaf6270b8adc356596cdea5b2152c82caaac",
                "sha256:c2de19c88bdb0366c976cc125dca1002ec1b346989d59524178adfd395e62421",
                "sha256:5b49b3049697aeae17ef7bf21267e69972d9e04917658b4e788986ea5cc518e8",
                "sha256:09ef2636ea35782364c830f07127d6c7a70542b178268714a9a9ba16318e7e8b",
                "sha256:f8f2a0ae8de0b49c7b5b2daca4f150fdd9c1173e854df2cce3b04123244f9f45",
                "sha256:1b7df09c6598f5cfb40f843ade14ed1eb40596e75cd79b6fa2efc750ba01bb01",
                "sha256:75c413551a436b462d5929255b6dc9c0c3c2b25cbeaee5271a56c7fda8ca49c0",
                "sha256:58798b5d30054bb4f6cf0f712f08e6092df23a718b69000786634a265e8911a9",
                "sha256:42118bf608e0288e35304b449a2d87e2ba77d1e373e8aa221ccdea073de026fa",
                "sha256:ad2383d39f13534f3ca5c48fe1fc0975676846dc39c2cece78c0f1f9891418e0",
                "sha256:1fff21a2da5f9e03ddc5bd99131a6b8edf3d7f9d6bc29ba21784323d17806ed7",
                "sha256:0fef83d43bf87a5196c91e73cb9772f945a4caaff91242766c5916d1dd1381e4"
            ],
            "version": "==0.4.13"
        },
        "idna": {
            "hashes": [
                "sha256:8c7309c718f94b3a625cb648ace320157ad16ff131ae0af362c9f21b80ef6ec4",
                "sha256:2c6a5de3089009e3da7c5dde64a141dbc8551d5b7f6cf4ed7c2568d0cc520a8f"
            ],
            "version": "==2.6"
        },
        "isort": {
            "hashes": [
                "sha256:75e94757591197eb0afeb1f3b54f6517c1a26fecaeab2b373885739f63de3e66",
                "sha256:77502c541ad5c40a158932498bf6177bb663d8a2662b50f02a59b906419ba699",
                "sha256:34929af733faadf884da29d83e7df1884363b3cc647a48e000b3c5cc13d17549"
            ],
            "version": "==4.3.3"
        },
        "mccabe": {
            "hashes": [
                "sha256:ab8a6258860da4b6677da4bd2fe5dc2c659cff31b3ee4f7f5d64e79735b80d42",
                "sha256:dd8d182285a0fe56bace7f45b5e7d1a6ebcbf524e8f3bd87eb0f125271b8831f"
            ],
            "version": "==0.6.1"
        },
        "paramiko": {
            "hashes": [
                "sha256:8851e728e8b7590989e68e3936c48ee3ca4dad91d29e3d7ff0305b6c5fc582db",
                "sha256:486f637f0a33a4792e0e567be37426c287efaa8c4c4a45e3216f9ce7fd70b1fc"
            ],
            "version": "==2.4.0"
        },
        "pyasn1": {
            "hashes": [
                "sha256:f81c96761fca60d64b1c9b79ec2e40cf9495a745cf570613079ef324aeb9672b",
                "sha256:7d626683e3d792cccc608da02498aff37ab4f3dafd8905d6bf755d11f9b26b43",
                "sha256:e85895087905c65b5b594eb91f7522664c85545b147d5f4d4e7b1b07da8dcbdc",
                "sha256:5a0db897b311d265cde49615cf783f1c78613138605cdd0f907ecfa5b2aba3ee",
                "sha256:d5cd6ed995dba16fad0c521cfe31cd2d68400b53fcc2bce93326829be73ab6d1",
                "sha256:a7efe807c4b83a859e2735c692b92ed7b567cfddc4163763412920041d876c2b",
                "sha256:b5a9ca48055b9a20f6d1b3d68e38692e5431c86a0f99ea602e61294e891fee5b",
                "sha256:c07d6e587b2f928366b1f67c09bda026a3e6fcc99e80a744dc67f8fca3895626",
                "sha256:d84c2aea3cf43780e9e6a19f4e4dddee9f6976519020e64e47c57e5c7a8c3dd2",
                "sha256:758cb50abddc03e4563fd9e7f03db56e3e87b58c0bd01247360326e5c0c7ffa5",
                "sha256:0d7f6e959fe53f3960a23d73f35e1fce61348b30915b6664309ca756de7c1f89",
                "sha256:d258b0a71994f7770599835249cece1caef3c70def868c4915e6e5ca49b67d15"
            ],
            "version": "==0.4.2"
        },
        "pycodestyle": {
            "hashes": [
                "sha256:6c4245ade1edfad79c3446fadfc96b0de2759662dc29d07d80a6f27ad1ca6ba9",
                "sha256:682256a5b318149ca0d2a9185d365d8864a768a28db66a84a2ea946bcc426766"
            ],
            "version": "==2.3.1"
        },
        "pycparser": {
            "hashes": [
                "sha256:99a8ca03e29851d96616ad0404b4aad7d9ee16f25c9f9708a11faf2810f7b226"
            ],
            "version": "==2.18"
        },
        "pyflakes": {
            "hashes": [
                "sha256:08bd6a50edf8cffa9fa09a463063c425ecaaf10d1eb0335a7e8b1401aef89e6f",
                "sha256:8d616a382f243dbf19b54743f280b80198be0bca3a5396f1d2e1fca6223e8805"
            ],
            "version": "==1.6.0"
        },
        "pygments": {
            "hashes": [
                "sha256:78f3f434bcc5d6ee09020f92ba487f95ba50f1e3ef83ae96b9d5ffa1bab25c5d",
                "sha256:dbae1046def0efb574852fab9e90209b23f556367b5a320c0bcb871c77c3e8cc"
            ],
            "version": "==2.2.0"
        },
        "pynacl": {
            "hashes": [
                "sha256:0bfa0d94d2be6874e40f896e0a67e290749151e7de767c5aefbad1121cad7512",
                "sha256:1d33e775fab3f383167afb20b9927aaf4961b953d76eeb271a5703a6d756b65b",
                "sha256:eb2acabbd487a46b38540a819ef67e477a674481f84a82a7ba2234b9ba46f752",
                "sha256:14339dc233e7a9dda80a3800e64e7ff89d0878ba23360eea24f1af1b13772cac",
                "sha256:cf6877124ae6a0698404e169b3ba534542cfbc43f939d46b927d956daf0a373a",
                "sha256:eeee629828d0eb4f6d98ac41e9a3a6461d114d1d0aa111a8931c049359298da0",
                "sha256:d0eb5b2795b7ee2cbcfcadacbe95a13afbda048a262bd369da9904fecb568975",
                "sha256:11aa4e141b2456ce5cecc19c130e970793fa3a2c2e6fbb8ad65b28f35aa9e6b6",
                "sha256:8ac1167195b32a8755de06efd5b2d2fe76fc864517dab66aaf65662cc59e1988",
                "sha256:d795f506bcc9463efb5ebb0f65ed77921dcc9e0a50499dedd89f208445de9ecb",
                "sha256:be71cd5fce04061e1f3d39597f93619c80cdd3558a6c9ba99a546f144a8d8101",
                "sha256:2a42b2399d0428619e58dac7734838102d35f6dcdee149e0088823629bf99fbb",
                "sha256:73a5a96fb5fbf2215beee2353a128d382dbca83f5341f0d3c750877a236569ef",
                "sha256:d8aaf7e5d6b0e0ef7d6dbf7abeb75085713d0100b4eb1a4e4e857de76d77ac45",
                "sha256:2dce05ac8b3c37b9e2f65eab56c544885607394753e9613fd159d5e2045c2d98",
                "sha256:f5ce9e26d25eb0b2d96f3ef0ad70e1d3ae89b5d60255c462252a3e456a48c053",
                "sha256:6453b0dae593163ffc6db6f9c9c1597d35c650598e2c39c0590d1757207a1ac2",
                "sha256:fabf73d5d0286f9e078774f3435601d2735c94ce9e514ac4fb945701edead7e4",
                "sha256:13bdc1fe084ff9ac7653ae5a924cae03bf4bb07c6667c9eb5b6eb3c570220776",
                "sha256:8f505f42f659012794414fa57c498404e64db78f1d98dfd40e318c569f3c783b",
                "sha256:04e30e5bdeeb2d5b34107f28cd2f5bbfdc6c616f3be88fc6f53582ff1669eeca",
                "sha256:8abb4ef79161a5f58848b30ab6fb98d8c466da21fdd65558ce1d7afc02c70b5f",
                "sha256:e0d38fa0a75f65f556fb912f2c6790d1fa29b7dd27a1d9cc5591b281321eaaa9"
            ],
            "version": "==1.2.1"
        },
        "pytz": {
            "hashes": [
                "sha256:80af0f3008046b9975242012a985f04c5df1f01eed4ec1633d56cc47a75a6a48",
                "sha256:feb2365914948b8620347784b6b6da356f31c9d03560259070b2f30cff3d469d",
                "sha256:59707844a9825589878236ff2f4e0dc9958511b7ffaae94dc615da07d4a68d33",
                "sha256:d0ef5ef55ed3d37854320d4926b04a4cb42a2e88f71da9ddfdacfde8e364f027",
                "sha256:c41c62827ce9cafacd6f2f7018e4f83a6f1986e87bfd000b8cfbd4ab5da95f1a",
                "sha256:8cc90340159b5d7ced6f2ba77694d946fc975b09f1a51d93f3ce3bb399396f94",
                "sha256:dd2e4ca6ce3785c8dd342d1853dd9052b19290d5bf66060846e5dc6b8d6667f7",
                "sha256:699d18a2a56f19ee5698ab1123bbcc1d269d061996aeb1eda6d89248d3542b82",
                "sha256:fae4cffc040921b8a2d60c6cf0b5d662c1190fe54d718271db4eb17d44a185b7"
            ],
            "version": "==2017.3"
        },
        "requests": {
            "hashes": [
                "sha256:6a1b267aa90cac58ac3a765d067950e7dbbf75b1da07e895d1f594193a40a38b",
                "sha256:9c443e7324ba5b85070c4a818ade28bfabedf16ea10206da1132edaa6dda237e"
            ],
            "version": "==2.18.4"
        },
        "six": {
            "hashes": [
                "sha256:832dc0e10feb1aa2c68dcc57dbb658f1c7e65b9b61af69048abc87a2db00a0eb",
                "sha256:70e8a77beed4562e7f14fe23a786b54f6296e34344c23bc42f07b15018ff98e9"
            ],
            "version": "==1.11.0"
        },
        "sqlparse": {
            "hashes": [
                "sha256:d9cf190f51cbb26da0412247dfe4fb5f4098edb73db84e02f9fc21fdca31fed4",
                "sha256:ce028444cfab83be538752a2ffdb56bc417b7784ff35bb9a3062413717807dec"
            ],
            "version": "==0.2.4"
        },
        "urllib3": {
            "hashes": [
                "sha256:06330f386d6e4b195fbfc736b297f58c5a892e4440e54d294d7004e3a9bbea1b",
                "sha256:cc44da8e1145637334317feebd728bd869a35285b93cbb4cca2577da7e62db4f"
            ],
            "version": "==1.22"
        },
        "wcwidth": {
            "hashes": [
                "sha256:f4ebe71925af7b40a864553f761ed559b43544f8f71746c2d756c7fe788ade7c",
                "sha256:3df37372226d6e63e1b1e1eda15c594bca98a22d33a23832a90998faa96bc65e"
            ],
            "version": "==0.1.7"
        }
    }
}
